
Microsoft Visual Studio Solution File, Format Version 12.00
# Visual Studio Version 17
VisualStudioVersion = 17.10.34928.147
MinimumVisualStudioVersion = 10.0.40219.1
Project("{FAE04EC0-301F-11D3-BF4B-00C04F79EFBC}") = "RazorPagesMovie", "RazorPagesMovie.csproj", "{EDBF7E94-5235-4681-8505-EDC9CC7070BD}"
EndProject
Global
	GlobalSection(SolutionConfigurationPlatforms) = preSolution
		Debug|Any CPU = Debug|Any CPU
		Release|Any CPU = Release|Any CPU
	EndGlobalSection
	GlobalSection(ProjectConfigurationPlatforms) = postSolution
		{EDBF7E94-5235-4681-8505-EDC9CC7070BD}.Debug|Any CPU.ActiveCfg = Debug|Any CPU
		{EDBF7E94-5235-4681-8505-EDC9CC7070BD}.Debug|Any CPU.Build.0 = Debug|Any CPU
		{EDBF7E94-5235-4681-8505-EDC9CC7070BD}.Release|Any CPU.ActiveCfg = Release|Any CPU
		{EDBF7E94-5235-4681-8505-EDC9CC7070BD}.Release|Any CPU.Build.0 = Release|Any CPU
	EndGlobalSection
	GlobalSection(SolutionProperties) = preSolution
		HideSolutionNode = FALSE
	EndGlobalSection
	GlobalSection(ExtensibilityGlobals) = postSolution
		SolutionGuid = {FF02F965-D809-49E3-A486-BD94C9E108A6}
	EndGlobalSection
EndGlobal
